// !$*UTF8*$!
{
	archiveVersion = 1;
	classes = {
	};
	objectVersion = 46;
	objects = {

/* Begin PBXBuildFile section */
		BE73402617478DD700DC4945 /* image.jpeg in Resources */ = {isa = PBXBuildFile; fileRef = BE73402517478DD700DC4945 /* image.jpeg */; };
		BE9C93A117117FE3000E95C0 /* Default-568h@2x.png in Resources */ = {isa = PBXBuildFile; fileRef = BE9C93A017117FE3000E95C0 /* Default-568h@2x.png */; };
		DD2C7BF414EA212A00F7752C /* UIKit.framework in Frameworks */ = {isa = PBXBuildFile; fileRef = DD2C7BF314EA212A00F7752C /* UIKit.framework */; };
		DD2C7BF614EA212A00F7752C /* Foundation.framework in Frameworks */ = {isa = PBXBuildFile; fileRef = DD2C7BF514EA212A00F7752C /* Foundation.framework */; };
		DD2C7BF814EA212A00F7752C /* CoreGraphics.framework in Frameworks */ = {isa = PBXBuildFile; fileRef = DD2C7BF714EA212A00F7752C /* CoreGraphics.framework */; };
		DD2C7BFE14EA212A00F7752C /* InfoPlist.strings in Resources */ = {isa = PBXBuildFile; fileRef = DD2C7BFC14EA212A00F7752C /* InfoPlist.strings */; };
		DD2C7C0014EA212A00F7752C /* main.m in Sources */ = {isa = PBXBuildFile; fileRef = DD2C7BFF14EA212A00F7752C /* main.m */; };
		DD2C7C0414EA212A00F7752C /* GIDAAppDelegate.m in Sources */ = {isa = PBXBuildFile; fileRef = DD2C7C0314EA212A00F7752C /* GIDAAppDelegate.m */; };
		DD2C7C1414EA214E00F7752C /* GIDAAlertView.m in Sources */ = {isa = PBXBuildFile; fileRef = DD2C7C1114EA214E00F7752C /* GIDAAlertView.m */; };
		DD2C7C1C14EA228300F7752C /* noresource.png in Resources */ = {isa = PBXBuildFile; fileRef = DD2C7C1A14EA228300F7752C /* noresource.png */; };
		DD2C7C1D14EA228300F7752C /* noresource@2x.png in Resources */ = {isa = PBXBuildFile; fileRef = DD2C7C1B14EA228300F7752C /* noresource@2x.png */; };
		DD439F3714F9C61F006F131D /* QuartzCore.framework in Frameworks */ = {isa = PBXBuildFile; fileRef = DD439F3614F9C61F006F131D /* QuartzCore.framework */; };
		DDFF3D0B14EDFB9F0082BDC4 /* TestViewController.m in Sources */ = {isa = PBXBuildFile; fileRef = DDFF3D0A14EDFB9F0082BDC4 /* TestViewController.m */; };
		DDFF3D0E14EDFC300082BDC4 /* Test.xib in Resources */ = {isa = PBXBuildFile; fileRef = DDFF3D0D14EDFC300082BDC4 /* Test.xib */; };
/* End PBXBuildFile section */

/* Begin PBXFileReference section */
		BE73402517478DD700DC4945 /* image.jpeg */ = {isa = PBXFileReference; lastKnownFileType = image.jpeg; path = image.jpeg; sourceTree = "<group>"; };
		BE9C93A017117FE3000E95C0 /* Default-568h@2x.png */ = {isa = PBXFileReference; lastKnownFileType = image.png; name = "Default-568h@2x.png"; path = "../Default-568h@2x.png"; sourceTree = "<group>"; };
		DD2C7BEF14EA212A00F7752C /* Demo.app */ = {isa = PBXFileReference; explicitFileType = wrapper.application; includeInIndex = 0; path = Demo.app; sourceTree = BUILT_PRODUCTS_DIR; };
		DD2C7BF314EA212A00F7752C /* UIKit.framework */ = {isa = PBXFileReference; lastKnownFileType = wrapper.framework; name = UIKit.framework; path = System/Library/Frameworks/UIKit.framework; sourceTree = SDKROOT; };
		DD2C7BF514EA212A00F7752C /* Foundation.framework */ = {isa = PBXFileReference; lastKnownFileType = wrapper.framework; name = Foundation.framework; path = System/Library/Frameworks/Foundation.framework; sourceTree = SDKROOT; };
		DD2C7BF714EA212A00F7752C /* CoreGraphics.framework */ = {isa = PBXFileReference; lastKnownFileType = wrapper.framework; name = CoreGraphics.framework; path = System/Library/Frameworks/CoreGraphics.framework; sourceTree = SDKROOT; };
		DD2C7BFB14EA212A00F7752C /* Demo-Info.plist */ = {isa = PBXFileReference; lastKnownFileType = text.plist.xml; path = "Demo-Info.plist"; sourceTree = "<group>"; };
		DD2C7BFD14EA212A00F7752C /* en */ = {isa = PBXFileReference; lastKnownFileType = text.plist.strings; name = en; path = en.lproj/InfoPlist.strings; sourceTree = "<group>"; };
		DD2C7BFF14EA212A00F7752C /* main.m */ = {isa = PBXFileReference; lastKnownFileType = sourcecode.c.objc; path = main.m; sourceTree = "<group>"; };
		DD2C7C0114EA212A00F7752C /* Demo-Prefix.pch */ = {isa = PBXFileReference; lastKnownFileType = sourcecode.c.h; path = "Demo-Prefix.pch"; sourceTree = "<group>"; };
		DD2C7C0214EA212A00F7752C /* GIDAAppDelegate.h */ = {isa = PBXFileReference; lastKnownFileType = sourcecode.c.h; path = GIDAAppDelegate.h; sourceTree = "<group>"; };
		DD2C7C0314EA212A00F7752C /* GIDAAppDelegate.m */ = {isa = PBXFileReference; lastKnownFileType = sourcecode.c.objc; path = GIDAAppDelegate.m; sourceTree = "<group>"; };
		DD2C7C1014EA214E00F7752C /* GIDAAlertView.h */ = {isa = PBXFileReference; fileEncoding = 4; lastKnownFileType = sourcecode.c.h; path = GIDAAlertView.h; sourceTree = "<group>"; };
		DD2C7C1114EA214E00F7752C /* GIDAAlertView.m */ = {isa = PBXFileReference; fileEncoding = 4; lastKnownFileType = sourcecode.c.objc; path = GIDAAlertView.m; sourceTree = "<group>"; };
		DD2C7C1A14EA228300F7752C /* noresource.png */ = {isa = PBXFileReference; lastKnownFileType = image.png; path = noresource.png; sourceTree = "<group>"; };
		DD2C7C1B14EA228300F7752C /* noresource@2x.png */ = {isa = PBXFileReference; lastKnownFileType = image.png; path = "noresource@2x.png"; sourceTree = "<group>"; };
		DD439F3614F9C61F006F131D /* QuartzCore.framework */ = {isa = PBXFileReference; lastKnownFileType = wrapper.framework; name = QuartzCore.framework; path = System/Library/Frameworks/QuartzCore.framework; sourceTree = SDKROOT; };
		DDFF3D0914EDFB9F0082BDC4 /* TestViewController.h */ = {isa = PBXFileReference; fileEncoding = 4; lastKnownFileType = sourcecode.c.h; path = TestViewController.h; sourceTree = "<group>"; };
		DDFF3D0A14EDFB9F0082BDC4 /* TestViewController.m */ = {isa = PBXFileReference; fileEncoding = 4; lastKnownFileType = sourcecode.c.objc; path = TestViewController.m; sourceTree = "<group>"; };
		DDFF3D0D14EDFC300082BDC4 /* Test.xib */ = {isa = PBXFileReference; fileEncoding = 4; lastKnownFileType = file.xib; path = Test.xib; sourceTree = "<group>"; };
/* End PBXFileReference section */

/* Begin PBXFrameworksBuildPhase section */
		DD2C7BEC14EA212A00F7752C /* Frameworks */ = {
			isa = PBXFrameworksBuildPhase;
			buildActionMask = 2147483647;
			files = (
				DD439F3714F9C61F006F131D /* QuartzCore.framework in Frameworks */,
				DD2C7BF414EA212A00F7752C /* UIKit.framework in Frameworks */,
				DD2C7BF614EA212A00F7752C /* Foundation.framework in Frameworks */,
				DD2C7BF814EA212A00F7752C /* CoreGraphics.framework in Frameworks */,
			);
			runOnlyForDeploymentPostprocessing = 0;
		};
/* End PBXFrameworksBuildPhase section */

/* Begin PBXGroup section */
		DD2C7BE414EA212A00F7752C = {
			isa = PBXGroup;
			children = (
				DD2C7BF914EA212A00F7752C /* Demo */,
				DD2C7BF214EA212A00F7752C /* Frameworks */,
				DD2C7BF014EA212A00F7752C /* Products */,
			);
			sourceTree = "<group>";
		};
		DD2C7BF014EA212A00F7752C /* Products */ = {
			isa = PBXGroup;
			children = (
				DD2C7BEF14EA212A00F7752C /* Demo.app */,
			);
			name = Products;
			sourceTree = "<group>";
		};
		DD2C7BF214EA212A00F7752C /* Frameworks */ = {
			isa = PBXGroup;
			children = (
				DD2C7BF314EA212A00F7752C /* UIKit.framework */,
				DD2C7BF514EA212A00F7752C /* Foundation.framework */,
				DD2C7BF714EA212A00F7752C /* CoreGraphics.framework */,
				DD439F3614F9C61F006F131D /* QuartzCore.framework */,
			);
			name = Frameworks;
			sourceTree = "<group>";
		};
		DD2C7BF914EA212A00F7752C /* Demo */ = {
			isa = PBXGroup;
			children = (
				DD2C7C0214EA212A00F7752C /* GIDAAppDelegate.h */,
				DD2C7C0314EA212A00F7752C /* GIDAAppDelegate.m */,
				DDFF3D0914EDFB9F0082BDC4 /* TestViewController.h */,
				DDFF3D0A14EDFB9F0082BDC4 /* TestViewController.m */,
				DD2C7C1014EA214E00F7752C /* GIDAAlertView.h */,
				DD2C7C1114EA214E00F7752C /* GIDAAlertView.m */,
				DDFF3D1314EE03360082BDC4 /* Resources */,
				DD2C7BFA14EA212A00F7752C /* Supporting Files */,
			);
			path = Demo;
			sourceTree = "<group>";
		};
		DD2C7BFA14EA212A00F7752C /* Supporting Files */ = {
			isa = PBXGroup;
			children = (
				DD2C7BFB14EA212A00F7752C /* Demo-Info.plist */,
				DD2C7BFC14EA212A00F7752C /* InfoPlist.strings */,
				DD2C7BFF14EA212A00F7752C /* main.m */,
				DD2C7C0114EA212A00F7752C /* Demo-Prefix.pch */,
			);
			name = "Supporting Files";
			sourceTree = "<group>";
		};
		DDFF3D1314EE03360082BDC4 /* Resources */ = {
			isa = PBXGroup;
			children = (
				BE73402517478DD700DC4945 /* image.jpeg */,
				DDFF3D0D14EDFC300082BDC4 /* Test.xib */,
				DD2C7C1A14EA228300F7752C /* noresource.png */,
				DD2C7C1B14EA228300F7752C /* noresource@2x.png */,
				BE9C93A017117FE3000E95C0 /* Default-568h@2x.png */,
			);
			name = Resources;
			sourceTree = "<group>";
		};
/* End PBXGroup section */

/* Begin PBXNativeTarget section */
		DD2C7BEE14EA212A00F7752C /* Demo */ = {
			isa = PBXNativeTarget;
			buildConfigurationList = DD2C7C0714EA212A00F7752C /* Build configuration list for PBXNativeTarget "Demo" */;
			buildPhases = (
				DD2C7BEB14EA212A00F7752C /* Sources */,
				DD2C7BEC14EA212A00F7752C /* Frameworks */,
				DD2C7BED14EA212A00F7752C /* Resources */,
			);
			buildRules = (
			);
			dependencies = (
			);
			name = Demo;
			productName = Demo;
			productReference = DD2C7BEF14EA212A00F7752C /* Demo.app */;
			productType = "com.apple.product-type.application";
		};
/* End PBXNativeTarget section */

/* Begin PBXProject section */
		DD2C7BE614EA212A00F7752C /* Project object */ = {
			isa = PBXProject;
			attributes = {
				LastUpgradeCheck = 0460;
				ORGANIZATIONNAME = "Polar Bears Nanotechnology Research ©";
			};
			buildConfigurationList = DD2C7BE914EA212A00F7752C /* Build configuration list for PBXProject "Demo" */;
			compatibilityVersion = "Xcode 3.2";
			developmentRegion = English;
			hasScannedForEncodings = 0;
			knownRegions = (
				en,
			);
			mainGroup = DD2C7BE414EA212A00F7752C;
			productRefGroup = DD2C7BF014EA212A00F7752C /* Products */;
			projectDirPath = "";
			projectRoot = "";
			targets = (
				DD2C7BEE14EA212A00F7752C /* Demo */,
			);
		};
/* End PBXProject section */

/* Begin PBXResourcesBuildPhase section */
		DD2C7BED14EA212A00F7752C /* Resources */ = {
			isa = PBXResourcesBuildPhase;
			buildActionMask = 2147483647;
			files = (
				DD2C7BFE14EA212A00F7752C /* InfoPlist.strings in Resources */,
				DD2C7C1C14EA228300F7752C /* noresource.png in Resources */,
				DD2C7C1D14EA228300F7752C /* noresource@2x.png in Resources */,
				DDFF3D0E14EDFC300082BDC4 /* Test.xib in Resources */,
				BE9C93A117117FE3000E95C0 /* Default-568h@2x.png in Resources */,
				BE73402617478DD700DC4945 /* image.jpeg in Resources */,
			);
			runOnlyForDeploymentPostprocessing = 0;
		};
/* End PBXResourcesBuildPhase section */

/* Begin PBXSourcesBuildPhase section */
		DD2C7BEB14EA212A00F7752C /* Sources */ = {
			isa = PBXSourcesBuildPhase;
			buildActionMask = 2147483647;
			files = (
				DD2C7C0014EA212A00F7752C /* main.m in Sources */,
				DD2C7C0414EA212A00F7752C /* GIDAAppDelegate.m in Sources */,
				DD2C7C1414EA214E00F7752C /* GIDAAlertView.m in Sources */,
				DDFF3D0B14EDFB9F0082BDC4 /* TestViewController.m in Sources */,
			);
			runOnlyForDeploymentPostprocessing = 0;
		};
/* End PBXSourcesBuildPhase section */

/* Begin PBXVariantGroup section */
		DD2C7BFC14EA212A00F7752C /* InfoPlist.strings */ = {
			isa = PBXVariantGroup;
			children = (
				DD2C7BFD14EA212A00F7752C /* en */,
			);
			name = InfoPlist.strings;
			sourceTree = "<group>";
		};
/* End PBXVariantGroup section */

/* Begin XCBuildConfiguration section */
		DD2C7C0514EA212A00F7752C /* Debug */ = {
			isa = XCBuildConfiguration;
			buildSettings = {
				ALWAYS_SEARCH_USER_PATHS = NO;
				ARCHS = "$(ARCHS_STANDARD_32_BIT)";
				CLANG_WARN_CONSTANT_CONVERSION = YES;
				CLANG_WARN_ENUM_CONVERSION = YES;
				CLANG_WARN_INT_CONVERSION = YES;
				CLANG_WARN__DUPLICATE_METHOD_MATCH = YES;
				"CODE_SIGN_IDENTITY[sdk=iphoneos*]" = "iPhone Developer";
				COPY_PHASE_STRIP = NO;
				GCC_C_LANGUAGE_STANDARD = gnu99;
				GCC_DYNAMIC_NO_PIC = NO;
				GCC_OPTIMIZATION_LEVEL = 0;
				GCC_PREPROCESSOR_DEFINITIONS = (
					"DEBUG=1",
					"$(inherited)",
				);
				GCC_SYMBOLS_PRIVATE_EXTERN = NO;
				GCC_VERSION = com.apple.compilers.llvm.clang.1_0;
				GCC_WARN_ABOUT_MISSING_PROTOTYPES = YES;
				GCC_WARN_ABOUT_RETURN_TYPE = YES;
				GCC_WARN_UNINITIALIZED_AUTOS = YES;
				GCC_WARN_UNUSED_VARIABLE = YES;
				IPHONEOS_DEPLOYMENT_TARGET = 5.0;
				SDKROOT = iphoneos;
			};
			name = Debug;
		};
		DD2C7C0614EA212A00F7752C /* Release */ = {
			isa = XCBuildConfiguration;
			buildSettings = {
				ALWAYS_SEARCH_USER_PATHS = NO;
				ARCHS = "$(ARCHS_STANDARD_32_BIT)";
				CLANG_WARN_CONSTANT_CONVERSION = YES;
				CLANG_WARN_ENUM_CONVERSION = YES;
				CLANG_WARN_INT_CONVERSION = YES;
				CLANG_WARN__DUPLICATE_METHOD_MATCH = YES;
				"CODE_SIGN_IDENTITY[sdk=iphoneos*]" = "iPhone Developer";
				COPY_PHASE_STRIP = YES;
				GCC_C_LANGUAGE_STANDARD = gnu99;
				GCC_VERSION = com.apple.compilers.llvm.clang.1_0;
				GCC_WARN_ABOUT_MISSING_PROTOTYPES = YES;
				GCC_WARN_ABOUT_RETURN_TYPE = YES;
				GCC_WARN_UNINITIALIZED_AUTOS = YES;
				GCC_WARN_UNUSED_VARIABLE = YES;
				IPHONEOS_DEPLOYMENT_TARGET = 5.0;
				OTHER_CFLAGS = "-DNS_BLOCK_ASSERTIONS=1";
				SDKROOT = iphoneos;
				VALIDATE_PRODUCT = YES;
			};
			name = Release;
		};
		DD2C7C0814EA212A00F7752C /* Debug */ = {
			isa = XCBuildConfiguration;
			buildSettings = {
				CLANG_ENABLE_OBJC_ARC = YES;
				GCC_PRECOMPILE_PREFIX_HEADER = YES;
				GCC_PREFIX_HEADER = "Demo/Demo-Prefix.pch";
				INFOPLIST_FILE = "Demo/Demo-Info.plist";
				IPHONEOS_DEPLOYMENT_TARGET = 5.0;
				PRODUCT_NAME = "$(TARGET_NAME)";
				TARGETED_DEVICE_FAMILY = "1,2";
				WRAPPER_EXTENSION = app;
			};
			name = Debug;
		};
		DD2C7C0914EA212A00F7752C /* Release */ = {
			isa = XCBuildConfiguration;
			buildSettings = {
				CLANG_ENABLE_OBJC_ARC = YES;
				GCC_PRECOMPILE_PREFIX_HEADER = YES;
				GCC_PREFIX_HEADER = "Demo/Demo-Prefix.pch";
				INFOPLIST_FILE = "Demo/Demo-Info.plist";
				IPHONEOS_DEPLOYMENT_TARGET = 5.0;
				PRODUCT_NAME = "$(TARGET_NAME)";
				TARGETED_DEVICE_FAMILY = "1,2";
				WRAPPER_EXTENSION = app;
			};
			name = Release;
		};
/* End XCBuildConfiguration section */

/* Begin XCConfigurationList section */
		DD2C7BE914EA212A00F7752C /* Build configuration list for PBXProject "Demo" */ = {
			isa = XCConfigurationList;
			buildConfigurations = (
				DD2C7C0514EA212A00F7752C /* Debug */,
				DD2C7C0614EA212A00F7752C /* Release */,
			);
			defaultConfigurationIsVisible = 0;
			defaultConfigurationName = Release;
		};
		DD2C7C0714EA212A00F7752C /* Build configuration list for PBXNativeTarget "Demo" */ = {
			isa = XCConfigurationList;
			buildConfigurations = (
				DD2C7C0814EA212A00F7752C /* Debug */,
				DD2C7C0914EA212A00F7752C /* Release */,
			);
			defaultConfigurationIsVisible = 0;
			defaultConfigurationName = Release;
		};
/* End XCConfigurationList section */
	};
	rootObject = DD2C7BE614EA212A00F7752C /* Project object */;
}
